
Microsoft Visual Studio Solution File, Format Version 12.00
# Visual Studio 2017
Project("{FAE04EC0-301F-11D3-BF4B-00C04F79EFBC}") = "First AR Project", "First AR Project.csproj", "{756D6C45-9EA4-7086-8FA7-71F3C5114E5C}"
EndProject
Project("{FAE04EC0-301F-11D3-BF4B-00C04F79EFBC}") = "First AR Project.Editor", "First AR Project.Editor.csproj", "{1A3D364E-BBA4-1493-CB15-F779DF1B7EA6}"
EndProject
Global
	GlobalSection(SolutionConfigurationPlatforms) = preSolution
		Debug|Any CPU = Debug|Any CPU
		Release|Any CPU = Release|Any CPU
	EndGlobalSection
	GlobalSection(ProjectConfigurationPlatforms) = postSolution
		{756D6C45-9EA4-7086-8FA7-71F3C5114E5C}.Debug|Any CPU.ActiveCfg = Debug|Any CPU
		{756D6C45-9EA4-7086-8FA7-71F3C5114E5C}.Debug|Any CPU.Build.0 = Debug|Any CPU
		{756D6C45-9EA4-7086-8FA7-71F3C5114E5C}.Release|Any CPU.ActiveCfg = Release|Any CPU
		{756D6C45-9EA4-7086-8FA7-71F3C5114E5C}.Release|Any CPU.Build.0 = Release|Any CPU
		{1A3D364E-BBA4-1493-CB15-F779DF1B7EA6}.Debug|Any CPU.ActiveCfg = Debug|Any CPU
		{1A3D364E-BBA4-1493-CB15-F779DF1B7EA6}.Debug|Any CPU.Build.0 = Debug|Any CPU
		{1A3D364E-BBA4-1493-CB15-F779DF1B7EA6}.Release|Any CPU.ActiveCfg = Release|Any CPU
		{1A3D364E-BBA4-1493-CB15-F779DF1B7EA6}.Release|Any CPU.Build.0 = Release|Any CPU
	EndGlobalSection
	GlobalSection(SolutionProperties) = preSolution
		HideSolutionNode = FALSE
	EndGlobalSection
EndGlobal
